// !$*UTF8*$!
{
	archiveVersion = 1;
	classes = {
	};
	objectVersion = 56;
	objects = {

/* Begin PBXBuildFile section */
		18C89E97E41FA363739E007E /* ShreejiSmileCareApp.swift in Sources */ = {isa = PBXBuildFile; fileRef = 84CF9D6EA3A4C1641ADC02EE /* ShreejiSmileCareApp.swift */; };
		498CDC52BA5780D3104F7379 /* AppTheme.swift in Sources */ = {isa = PBXBuildFile; fileRef = 2ED77C4B7A4EB88C8C3FB880 /* AppTheme.swift */; };
		EE4ED81F61D06F9FDE929B14 /* Models.swift in Sources */ = {isa = PBXBuildFile; fileRef = A34A651A4EED50CE5AE3FD3B /* Models.swift */; };
		45412536E8796C14054B9F2C /* APIClient.swift in Sources */ = {isa = PBXBuildFile; fileRef = 0756BA83EE78A6F59F625ED2 /* APIClient.swift */; };
		A365C42ECC690B6CF52B36B1 /* AppStore.swift in Sources */ = {isa = PBXBuildFile; fileRef = 54A72CA8C09931EB097DB4E7 /* AppStore.swift */; };
		F237F9E357A162148FDCCA8A /* ContentView.swift in Sources */ = {isa = PBXBuildFile; fileRef = D78A6526C8ACC913600AB042 /* ContentView.swift */; };
		7870AF53DEFA11B8374122CC /* Components.swift in Sources */ = {isa = PBXBuildFile; fileRef = D70EC60C60BB597ADA2148C3 /* Components.swift */; };
		5B8D4C05402C5B86C1297ADE /* HomeView.swift in Sources */ = {isa = PBXBuildFile; fileRef = DA6BD589E27249E46ECD8AE9 /* HomeView.swift */; };
		2B76E15174719672CC8A0AC4 /* PatientsListView.swift in Sources */ = {isa = PBXBuildFile; fileRef = 6FD7D4DBDB5D9B4D1DB746AC /* PatientsListView.swift */; };
		54ED60F9C51639CC0AB84610 /* PatientDetailView.swift in Sources */ = {isa = PBXBuildFile; fileRef = 288F62CB93622BC18E9FA4D0 /* PatientDetailView.swift */; };
		EDE526C8C1EDF305BE1FD35A /* AppointmentsView.swift in Sources */ = {isa = PBXBuildFile; fileRef = B1B7329FDB11E8F4C1E8F720 /* AppointmentsView.swift */; };
		CDAE4DEB1596E92A8170870B /* BillingView.swift in Sources */ = {isa = PBXBuildFile; fileRef = AC9E58A9B85B7530E9F6DE37 /* BillingView.swift */; };
		DFE335EFD6F93141E33FD8A3 /* AddPatientView.swift in Sources */ = {isa = PBXBuildFile; fileRef = C922C5D628A62C81C73E37E5 /* AddPatientView.swift */; };
		92ED136460B01BD127D2E919 /* AddAppointmentView.swift in Sources */ = {isa = PBXBuildFile; fileRef = 2EB3F6A3D901529B3AA7A6AA /* AddAppointmentView.swift */; };
		60598F8E68EE125EC1766DA1 /* TabBarView.swift in Sources */ = {isa = PBXBuildFile; fileRef = 5F905FEB4C935A6179BB3AA3 /* TabBarView.swift */; };
/* End PBXBuildFile section */

/* Begin PBXFileReference section */
		BDBD11FAAD47F31A29EDE3FE /* ShreejiSmileCare.app */ = {isa = PBXFileReference; explicitFileType = wrapper.application; includeInIndex = 0; path = ShreejiSmileCare.app; sourceTree = BUILT_PRODUCTS_DIR; };
		77F275ED6BA55B6789D40806 /* Info.plist */ = {isa = PBXFileReference; lastKnownFileType = text.plist.xml; path = Info.plist; sourceTree = "<group>"; };
		84CF9D6EA3A4C1641ADC02EE /* ShreejiSmileCareApp.swift */ = {isa = PBXFileReference; lastKnownFileType = sourcecode.swift; path = ShreejiSmileCareApp.swift; sourceTree = "<group>"; };
		2ED77C4B7A4EB88C8C3FB880 /* AppTheme.swift */ = {isa = PBXFileReference; lastKnownFileType = sourcecode.swift; path = AppTheme.swift; sourceTree = "<group>"; };
		A34A651A4EED50CE5AE3FD3B /* Models.swift */ = {isa = PBXFileReference; lastKnownFileType = sourcecode.swift; path = Models.swift; sourceTree = "<group>"; };
		0756BA83EE78A6F59F625ED2 /* APIClient.swift */ = {isa = PBXFileReference; lastKnownFileType = sourcecode.swift; path = APIClient.swift; sourceTree = "<group>"; };
		54A72CA8C09931EB097DB4E7 /* AppStore.swift */ = {isa = PBXFileReference; lastKnownFileType = sourcecode.swift; path = AppStore.swift; sourceTree = "<group>"; };
		D78A6526C8ACC913600AB042 /* ContentView.swift */ = {isa = PBXFileReference; lastKnownFileType = sourcecode.swift; path = ContentView.swift; sourceTree = "<group>"; };
		D70EC60C60BB597ADA2148C3 /* Components.swift */ = {isa = PBXFileReference; lastKnownFileType = sourcecode.swift; path = Components.swift; sourceTree = "<group>"; };
		DA6BD589E27249E46ECD8AE9 /* HomeView.swift */ = {isa = PBXFileReference; lastKnownFileType = sourcecode.swift; path = HomeView.swift; sourceTree = "<group>"; };
		6FD7D4DBDB5D9B4D1DB746AC /* PatientsListView.swift */ = {isa = PBXFileReference; lastKnownFileType = sourcecode.swift; path = PatientsListView.swift; sourceTree = "<group>"; };
		288F62CB93622BC18E9FA4D0 /* PatientDetailView.swift */ = {isa = PBXFileReference; lastKnownFileType = sourcecode.swift; path = PatientDetailView.swift; sourceTree = "<group>"; };
		B1B7329FDB11E8F4C1E8F720 /* AppointmentsView.swift */ = {isa = PBXFileReference; lastKnownFileType = sourcecode.swift; path = AppointmentsView.swift; sourceTree = "<group>"; };
		AC9E58A9B85B7530E9F6DE37 /* BillingView.swift */ = {isa = PBXFileReference; lastKnownFileType = sourcecode.swift; path = BillingView.swift; sourceTree = "<group>"; };
		C922C5D628A62C81C73E37E5 /* AddPatientView.swift */ = {isa = PBXFileReference; lastKnownFileType = sourcecode.swift; path = AddPatientView.swift; sourceTree = "<group>"; };
		2EB3F6A3D901529B3AA7A6AA /* AddAppointmentView.swift */ = {isa = PBXFileReference; lastKnownFileType = sourcecode.swift; path = AddAppointmentView.swift; sourceTree = "<group>"; };
		5F905FEB4C935A6179BB3AA3 /* TabBarView.swift */ = {isa = PBXFileReference; lastKnownFileType = sourcecode.swift; path = TabBarView.swift; sourceTree = "<group>"; };
/* End PBXFileReference section */

/* Begin PBXFrameworksBuildPhase section */
		A9FE83E89165E7712C56AF92 /* Frameworks */ = {
			isa = PBXFrameworksBuildPhase;
			buildActionMask = 2147483647;
			files = (
			);
			runOnlyForDeploymentPostprocessing = 0;
		};
/* End PBXFrameworksBuildPhase section */

/* Begin PBXGroup section */
		C9E863FF0799BBF4B2FEE4EC = {
			isa = PBXGroup;
			children = (
				62573950EFBC5A24D158E7FD /* ShreejiSmileCare */,
				51109FF3B5B76B996F561754 /* Products */,
			);
			sourceTree = "<group>";
		};
		51109FF3B5B76B996F561754 /* Products */ = {
			isa = PBXGroup;
			children = (
				BDBD11FAAD47F31A29EDE3FE /* ShreejiSmileCare.app */,
			);
			name = Products;
			sourceTree = "<group>";
		};
		62573950EFBC5A24D158E7FD /* ShreejiSmileCare */ = {
			isa = PBXGroup;
			children = (
				84CF9D6EA3A4C1641ADC02EE /* ShreejiSmileCareApp.swift */,
				2ED77C4B7A4EB88C8C3FB880 /* AppTheme.swift */,
				A34A651A4EED50CE5AE3FD3B /* Models.swift */,
				0756BA83EE78A6F59F625ED2 /* APIClient.swift */,
				54A72CA8C09931EB097DB4E7 /* AppStore.swift */,
				77F275ED6BA55B6789D40806 /* Info.plist */,
				A1D449B239733B5F857BE1AB /* Views */,
			);
			path = ShreejiSmileCare;
			sourceTree = "<group>";
		};
		A1D449B239733B5F857BE1AB /* Views */ = {
			isa = PBXGroup;
			children = (
				D78A6526C8ACC913600AB042 /* ContentView.swift */,
				D70EC60C60BB597ADA2148C3 /* Components.swift */,
				DA6BD589E27249E46ECD8AE9 /* HomeView.swift */,
				6FD7D4DBDB5D9B4D1DB746AC /* PatientsListView.swift */,
				288F62CB93622BC18E9FA4D0 /* PatientDetailView.swift */,
				B1B7329FDB11E8F4C1E8F720 /* AppointmentsView.swift */,
				AC9E58A9B85B7530E9F6DE37 /* BillingView.swift */,
				C922C5D628A62C81C73E37E5 /* AddPatientView.swift */,
				2EB3F6A3D901529B3AA7A6AA /* AddAppointmentView.swift */,
				5F905FEB4C935A6179BB3AA3 /* TabBarView.swift */,
			);
			path = Views;
			sourceTree = "<group>";
		};
/* End PBXGroup section */

/* Begin PBXNativeTarget section */
		F32E91EA72CA4724C2A60D58 /* ShreejiSmileCare */ = {
			isa = PBXNativeTarget;
			buildConfigurationList = 1AEEB0C0535897DF6F2B3B01 /* Build configuration list for PBXNativeTarget "ShreejiSmileCare" */;
			buildPhases = (
				90A923231000E6CDDA278619 /* Sources */,
				A9FE83E89165E7712C56AF92 /* Frameworks */,
				A91F11C875B2A6332AA45279 /* Resources */,
			);
			buildRules = (
			);
			dependencies = (
			);
			name = ShreejiSmileCare;
			productName = ShreejiSmileCare;
			productReference = BDBD11FAAD47F31A29EDE3FE /* ShreejiSmileCare.app */;
			productType = "com.apple.product-type.application";
		};
/* End PBXNativeTarget section */

/* Begin PBXProject section */
		1BAD916DBD3C2A25D47618F5 /* Project object */ = {
			isa = PBXProject;
			attributes = {
				BuildIndependentTargetsInParallel = 1;
				LastSwiftUpdateCheck = 1530;
				LastUpgradeCheck = 1530;
				TargetAttributes = {
					F32E91EA72CA4724C2A60D58 = {
						CreatedOnToolsVersion = 15.3;
					};
				};
			};
			buildConfigurationList = 5FA7E44BABCC3CFC44828D85 /* Build configuration list for PBXProject "ShreejiSmileCare" */;
			compatibilityVersion = "Xcode 14.0";
			developmentRegion = en;
			hasScannedForEncodings = 0;
			knownRegions = (
				en,
				Base,
			);
			mainGroup = C9E863FF0799BBF4B2FEE4EC;
			productRefGroup = 51109FF3B5B76B996F561754 /* Products */;
			projectDirPath = "";
			projectRoot = "";
			targets = (
				F32E91EA72CA4724C2A60D58 /* ShreejiSmileCare */,
			);
		};
/* End PBXProject section */

/* Begin PBXResourcesBuildPhase section */
		A91F11C875B2A6332AA45279 /* Resources */ = {
			isa = PBXResourcesBuildPhase;
			buildActionMask = 2147483647;
			files = (
			);
			runOnlyForDeploymentPostprocessing = 0;
		};
/* End PBXResourcesBuildPhase section */

/* Begin PBXSourcesBuildPhase section */
		90A923231000E6CDDA278619 /* Sources */ = {
			isa = PBXSourcesBuildPhase;
			buildActionMask = 2147483647;
			files = (
				18C89E97E41FA363739E007E /* ShreejiSmileCareApp.swift in Sources */,
				498CDC52BA5780D3104F7379 /* AppTheme.swift in Sources */,
				EE4ED81F61D06F9FDE929B14 /* Models.swift in Sources */,
				45412536E8796C14054B9F2C /* APIClient.swift in Sources */,
				A365C42ECC690B6CF52B36B1 /* AppStore.swift in Sources */,
				F237F9E357A162148FDCCA8A /* ContentView.swift in Sources */,
				7870AF53DEFA11B8374122CC /* Components.swift in Sources */,
				5B8D4C05402C5B86C1297ADE /* HomeView.swift in Sources */,
				2B76E15174719672CC8A0AC4 /* PatientsListView.swift in Sources */,
				54ED60F9C51639CC0AB84610 /* PatientDetailView.swift in Sources */,
				EDE526C8C1EDF305BE1FD35A /* AppointmentsView.swift in Sources */,
				CDAE4DEB1596E92A8170870B /* BillingView.swift in Sources */,
				DFE335EFD6F93141E33FD8A3 /* AddPatientView.swift in Sources */,
				92ED136460B01BD127D2E919 /* AddAppointmentView.swift in Sources */,
				60598F8E68EE125EC1766DA1 /* TabBarView.swift in Sources */,
			);
			runOnlyForDeploymentPostprocessing = 0;
		};
/* End PBXSourcesBuildPhase section */

/* Begin XCBuildConfiguration section */
		2402F1ED2BF43487B7C10CE7 /* Debug */ = {
			isa = XCBuildConfiguration;
			buildSettings = {
				ALWAYS_SEARCH_USER_PATHS = NO;
				ASSETCATALOG_COMPILER_GENERATE_SWIFT_ASSET_SYMBOL_EXTENSIONS = YES;
				CLANG_ANALYZER_NONNULL = YES;
				CLANG_ANALYZER_NUMBER_OBJECT_CONVERSION = YES_AGGRESSIVE;
				CLANG_CXX_LANGUAGE_STANDARD = "gnu++20";
				CLANG_ENABLE_MODULES = YES;
				CLANG_ENABLE_OBJC_ARC = YES;
				CLANG_ENABLE_OBJC_WEAK = YES;
				CLANG_WARN_BLOCK_CAPTURE_AUTORELEASING = YES;
				CLANG_WARN_BOOL_CONVERSION = YES;
				CLANG_WARN_COMMA = YES;
				CLANG_WARN_CONSTANT_CONVERSION = YES;
				CLANG_WARN_DEPRECATED_OBJC_IMPLEMENTATIONS = YES;
				CLANG_WARN_DIRECT_OBJC_ISA_USAGE = YES_ERROR;
				CLANG_WARN_DOCUMENTATION_COMMENTS = YES;
				CLANG_WARN_EMPTY_BODY = YES;
				CLANG_WARN_ENUM_CONVERSION = YES;
				CLANG_WARN_INFINITE_RECURSION = YES;
				CLANG_WARN_INT_CONVERSION = YES;
				CLANG_WARN_NON_LITERAL_NULL_CONVERSION = YES;
				CLANG_WARN_OBJC_IMPLICIT_RETAIN_SELF = YES;
				CLANG_WARN_OBJC_LITERAL_CONVERSION = YES;
				CLANG_WARN_OBJC_ROOT_CLASS = YES_ERROR;
				CLANG_WARN_QUOTED_INCLUDE_IN_FRAMEWORK_HEADER = YES;
				CLANG_WARN_RANGE_LOOP_ANALYSIS = YES;
				CLANG_WARN_STRICT_PROTOTYPES = YES;
				CLANG_WARN_SUSPICIOUS_MOVE = YES;
				CLANG_WARN_UNGUARDED_AVAILABILITY = YES_AGGRESSIVE;
				CLANG_WARN_UNREACHABLE_CODE = YES;
				CLANG_WARN__DUPLICATE_METHOD_MATCH = YES;
				COPY_PHASE_STRIP = NO;
				DEBUG_INFORMATION_FORMAT = dwarf;
				ENABLE_STRICT_OBJC_MSGSEND = YES;
				ENABLE_TESTABILITY = YES;
				ENABLE_USER_SCRIPT_SANDBOXING = YES;
				GCC_C_LANGUAGE_STANDARD = gnu17;
				GCC_DYNAMIC_NO_PIC = NO;
				GCC_NO_COMMON_BLOCKS = YES;
				GCC_OPTIMIZATION_LEVEL = 0;
				GCC_PREPROCESSOR_DEFINITIONS = (
					"DEBUG=1",
					"$(inherited)",
				);
				GCC_WARN_64_TO_32_BIT_CONVERSION = YES;
				GCC_WARN_ABOUT_RETURN_TYPE = YES_ERROR;
				GCC_WARN_UNDECLARED_SELECTOR = YES;
				GCC_WARN_UNINITIALIZED_AUTOS = YES_AGGRESSIVE;
				GCC_WARN_UNUSED_FUNCTION = YES;
				GCC_WARN_UNUSED_VARIABLE = YES;
				IPHONEOS_DEPLOYMENT_TARGET = 16.0;
				MTL_ENABLE_DEBUG_INFO = INCLUDE_SOURCE;
				MTL_FAST_MATH = YES;
				ONLY_ACTIVE_ARCH = YES;
				SDKROOT = iphoneos;
				SWIFT_ACTIVE_COMPILATION_CONDITIONS = "DEBUG $(inherited)";
				SWIFT_OPTIMIZATION_LEVEL = "-Onone";
			};
			name = Debug;
		};
		8F75556AEA2ADD61F9D6F1DE /* Release */ = {
			isa = XCBuildConfiguration;
			buildSettings = {
				ALWAYS_SEARCH_USER_PATHS = NO;
				ASSETCATALOG_COMPILER_GENERATE_SWIFT_ASSET_SYMBOL_EXTENSIONS = YES;
				CLANG_ANALYZER_NONNULL = YES;
				CLANG_ANALYZER_NUMBER_OBJECT_CONVERSION = YES_AGGRESSIVE;
				CLANG_CXX_LANGUAGE_STANDARD = "gnu++20";
				CLANG_ENABLE_MODULES = YES;
				CLANG_ENABLE_OBJC_ARC = YES;
				CLANG_ENABLE_OBJC_WEAK = YES;
				CLANG_WARN_BLOCK_CAPTURE_AUTORELEASING = YES;
				CLANG_WARN_BOOL_CONVERSION = YES;
				CLANG_WARN_COMMA = YES;
				CLANG_WARN_CONSTANT_CONVERSION = YES;
				CLANG_WARN_DEPRECATED_OBJC_IMPLEMENTATIONS = YES;
				CLANG_WARN_DIRECT_OBJC_ISA_USAGE = YES_ERROR;
				CLANG_WARN_DOCUMENTATION_COMMENTS = YES;
				CLANG_WARN_EMPTY_BODY = YES;
				CLANG_WARN_ENUM_CONVERSION = YES;
				CLANG_WARN_INFINITE_RECURSION = YES;
				CLANG_WARN_INT_CONVERSION = YES;
				CLANG_WARN_NON_LITERAL_NULL_CONVERSION = YES;
				CLANG_WARN_OBJC_IMPLICIT_RETAIN_SELF = YES;
				CLANG_WARN_OBJC_LITERAL_CONVERSION = YES;
				CLANG_WARN_OBJC_ROOT_CLASS = YES_ERROR;
				CLANG_WARN_QUOTED_INCLUDE_IN_FRAMEWORK_HEADER = YES;
				CLANG_WARN_RANGE_LOOP_ANALYSIS = YES;
				CLANG_WARN_STRICT_PROTOTYPES = YES;
				CLANG_WARN_SUSPICIOUS_MOVE = YES;
				CLANG_WARN_UNGUARDED_AVAILABILITY = YES_AGGRESSIVE;
				CLANG_WARN_UNREACHABLE_CODE = YES;
				CLANG_WARN__DUPLICATE_METHOD_MATCH = YES;
				COPY_PHASE_STRIP = NO;
				DEBUG_INFORMATION_FORMAT = "dwarf-with-dsym";
				ENABLE_NS_ASSERTIONS = NO;
				ENABLE_STRICT_OBJC_MSGSEND = YES;
				ENABLE_USER_SCRIPT_SANDBOXING = YES;
				GCC_C_LANGUAGE_STANDARD = gnu17;
				GCC_NO_COMMON_BLOCKS = YES;
				GCC_WARN_64_TO_32_BIT_CONVERSION = YES;
				GCC_WARN_ABOUT_RETURN_TYPE = YES_ERROR;
				GCC_WARN_UNDECLARED_SELECTOR = YES;
				GCC_WARN_UNINITIALIZED_AUTOS = YES_AGGRESSIVE;
				GCC_WARN_UNUSED_FUNCTION = YES;
				GCC_WARN_UNUSED_VARIABLE = YES;
				IPHONEOS_DEPLOYMENT_TARGET = 16.0;
				MTL_ENABLE_DEBUG_INFO = NO;
				MTL_FAST_MATH = YES;
				SDKROOT = iphoneos;
				SWIFT_COMPILATION_MODE = wholemodule;
				VALIDATE_PRODUCT = YES;
			};
			name = Release;
		};
		74C3B36B848FF35414217054 /* Debug */ = {
			isa = XCBuildConfiguration;
			buildSettings = {
				CODE_SIGN_STYLE = Automatic;
				CURRENT_PROJECT_VERSION = 1;
				DEVELOPMENT_ASSET_PATHS = "";
				ENABLE_PREVIEWS = YES;
				GENERATE_INFOPLIST_FILE = NO;
				INFOPLIST_FILE = ShreejiSmileCare/Info.plist;
				INFOPLIST_KEY_UIApplicationSupportsIndirectInputEvents = YES;
				LD_RUNPATH_SEARCH_PATHS = (
					"$(inherited)",
					"@executable_path/Frameworks",
				);
				MARKETING_VERSION = 1.0;
				PRODUCT_BUNDLE_IDENTIFIER = com.shreejismilecare.app;
				PRODUCT_NAME = "$(TARGET_NAME)";
				SWIFT_EMIT_LOC_STRINGS = YES;
				SWIFT_VERSION = 5.0;
				TARGETED_DEVICE_FAMILY = "1,2";
			};
			name = Debug;
		};
		393DB6D105D512D7AC3B4001 /* Release */ = {
			isa = XCBuildConfiguration;
			buildSettings = {
				CODE_SIGN_STYLE = Automatic;
				CURRENT_PROJECT_VERSION = 1;
				DEVELOPMENT_ASSET_PATHS = "";
				ENABLE_PREVIEWS = YES;
				GENERATE_INFOPLIST_FILE = NO;
				INFOPLIST_FILE = ShreejiSmileCare/Info.plist;
				INFOPLIST_KEY_UIApplicationSupportsIndirectInputEvents = YES;
				LD_RUNPATH_SEARCH_PATHS = (
					"$(inherited)",
					"@executable_path/Frameworks",
				);
				MARKETING_VERSION = 1.0;
				PRODUCT_BUNDLE_IDENTIFIER = com.shreejismilecare.app;
				PRODUCT_NAME = "$(TARGET_NAME)";
				SWIFT_EMIT_LOC_STRINGS = YES;
				SWIFT_VERSION = 5.0;
				TARGETED_DEVICE_FAMILY = "1,2";
			};
			name = Release;
		};
/* End XCBuildConfiguration section */

/* Begin XCConfigurationList section */
		5FA7E44BABCC3CFC44828D85 /* Build configuration list for PBXProject "ShreejiSmileCare" */ = {
			isa = XCConfigurationList;
			buildConfigurations = (
				2402F1ED2BF43487B7C10CE7 /* Debug */,
				8F75556AEA2ADD61F9D6F1DE /* Release */,
			);
			defaultConfigurationIsVisible = 0;
			defaultConfigurationName = Release;
		};
		1AEEB0C0535897DF6F2B3B01 /* Build configuration list for PBXNativeTarget "ShreejiSmileCare" */ = {
			isa = XCConfigurationList;
			buildConfigurations = (
				74C3B36B848FF35414217054 /* Debug */,
				393DB6D105D512D7AC3B4001 /* Release */,
			);
			defaultConfigurationIsVisible = 0;
			defaultConfigurationName = Release;
		};
/* End XCConfigurationList section */

	};
	rootObject = 1BAD916DBD3C2A25D47618F5 /* Project object */;
}

